{
  "projects": [
    {
      "projectId": "58GpZjZCWTaJ8AUhpCwt2K",
      "version": "2.1.2",
      "dependencies": {},
      "lang": "ts",
      "fileLocks": [
        {
          "assetId": "58GpZjZCWTaJ8AUhpCwt2K",
          "type": "projectCss",
          "checksum": "b9208ebde07664c511843b91e5845954"
        }
      ],
      "codegenVersion": "0.0.1"
    },
    {
      "projectId": "caTPwKxj5ZrD9LQ7DMdK4Z",
      "version": "2.2.1",
      "dependencies": {},
      "lang": "ts",
      "fileLocks": [
        {
          "type": "globalVariant",
          "assetId": "q2e6W8ulGYz",
          "checksum": "c0cddb7dd09c65236628d522d52af1a3"
        },
        {
          "assetId": "caTPwKxj5ZrD9LQ7DMdK4Z",
          "type": "projectCss",
          "checksum": "01ebcf70a051dcbfad8268ecd0dac58a"
        }
      ],
      "codegenVersion": "0.0.1"
    },
    {
      "projectId": "8PtdGodUbexNYgkuyBUcWu",
      "version": "3.0.3",
      "dependencies": {},
      "lang": "ts",
      "fileLocks": [
        {
          "assetId": "8PtdGodUbexNYgkuyBUcWu",
          "type": "projectCss",
          "checksum": "5aa7896743c83d312cb254aa4f507a7b"
        },
        {
          "assetId": "8PtdGodUbexNYgkuyBUcWu",
          "checksum": "fa41d3feed8603b4046fe8873f43b009",
          "type": "globalContexts"
        }
      ],
      "codegenVersion": "0.0.1"
    },
    {
      "projectId": "miVpALEuuUaq61WfC71rVq",
      "version": "latest",
      "dependencies": {
        "8PtdGodUbexNYgkuyBUcWu": "3.0.3",
        "caTPwKxj5ZrD9LQ7DMdK4Z": "2.2.1",
        "58GpZjZCWTaJ8AUhpCwt2K": "2.1.2"
      },
      "lang": "ts",
      "fileLocks": [
        {
          "type": "globalVariant",
          "assetId": "8XAjZg_pEqNgL",
          "checksum": "9201966f2c5980fdb7fb6a26b36eb1b6"
        },
        {
          "assetId": "miVpALEuuUaq61WfC71rVq",
          "type": "projectCss",
          "checksum": "cdd2d270d4934b5946d8b0bc9e7b9be1"
        },
        {
          "assetId": "miVpALEuuUaq61WfC71rVq",
          "checksum": "3610e01d8557cb492926234069289f51",
          "type": "globalContexts"
        },
        {
          "type": "renderModule",
          "assetId": "5YQc-62Jxnmt",
          "checksum": "68de25c6351908157c4060f1e9c4847a"
        },
        {
          "type": "cssRules",
          "assetId": "5YQc-62Jxnmt",
          "checksum": "68de25c6351908157c4060f1e9c4847a"
        },
        {
          "type": "renderModule",
          "assetId": "oJRzKe_Tkb",
          "checksum": "fa48d75ad779890c58f497f217a6898f"
        },
        {
          "type": "cssRules",
          "assetId": "oJRzKe_Tkb",
          "checksum": "fa48d75ad779890c58f497f217a6898f"
        },
        {
          "type": "renderModule",
          "assetId": "DwIIKJ8MJ2B",
          "checksum": "e30b97a8193db6a2eb7de980b7254385"
        },
        {
          "type": "cssRules",
          "assetId": "DwIIKJ8MJ2B",
          "checksum": "e30b97a8193db6a2eb7de980b7254385"
        },
        {
          "type": "icon",
          "assetId": "5IG5ePCEHD",
          "checksum": "007482a2d14b20d1e1da5563ce5c5d45"
        },
        {
          "type": "icon",
          "assetId": "tIQXfYM0Sm",
          "checksum": "9768e840aaae80fe5c511fe6f53db707"
        },
        {
          "type": "icon",
          "assetId": "l1TTguE2sv",
          "checksum": "98a72f1e780d8a9bf273f4019cb585c6"
        },
        {
          "type": "icon",
          "assetId": "N-9BdC7zEd",
          "checksum": "9fae76c6a44d5fd83ef9e25441f69ab7"
        },
        {
          "type": "icon",
          "assetId": "dh2UT2Ruil",
          "checksum": "da994bf05c5904038824bbafd45313eb"
        },
        {
          "type": "icon",
          "assetId": "ImcgXmZ4vvP",
          "checksum": "6a6c6bfea03734725a311450bab4e271"
        },
        {
          "type": "icon",
          "assetId": "eYB1sfWxkCz",
          "checksum": "1c9182d44130c7619324b70cd7fccd99"
        },
        {
          "type": "icon",
          "assetId": "_TmIsjYzOA-",
          "checksum": "5baff4e557eed070377b0c7acae752b6"
        },
        {
          "type": "icon",
          "assetId": "48v39mgbs58",
          "checksum": "c31d37e5ea609a3428ea026c3e9ef0f8"
        },
        {
          "type": "icon",
          "assetId": "vDMnX7MpwBo",
          "checksum": "d94cd79646a7b3842e666be0d7ecf4f0"
        },
        {
          "type": "icon",
          "assetId": "qfsckuAtGUy",
          "checksum": "9a173fdb9a19c4ae375834e82aa274a3"
        },
        {
          "type": "icon",
          "assetId": "oZBH3ZAkveA",
          "checksum": "d2725f20b82ae73e635bc14a114a254c"
        },
        {
          "type": "icon",
          "assetId": "6wCLoC92p--",
          "checksum": "48afe15433aeef1d3569db646959af12"
        },
        {
          "type": "icon",
          "assetId": "8E0kxkZVL2g",
          "checksum": "fc614c82b25231cc594729c0e4ebabfb"
        },
        {
          "type": "icon",
          "assetId": "CjbdvXfzPBc",
          "checksum": "54e7ce113ebd12cd5ccc6c38c2d66c16"
        },
        {
          "type": "icon",
          "assetId": "1YjPLMCtQZ6",
          "checksum": "32071202539f524d9fc062132a1d531a"
        },
        {
          "type": "icon",
          "assetId": "aG95cU4wsd3",
          "checksum": "cbf3962381fd3f8c837fe4f3b2b755f8"
        },
        {
          "type": "icon",
          "assetId": "kLDBe2XdyVN",
          "checksum": "b12aea550569cc5a781a455f3c92e11f"
        },
        {
          "type": "icon",
          "assetId": "Z1aBbBpO1rJ",
          "checksum": "bdb4bbe666d5c41fb969d09901a434fe"
        },
        {
          "type": "icon",
          "assetId": "rg1RbQi6agz",
          "checksum": "78d25b167ece55c1f219ba9815814bc0"
        },
        {
          "type": "icon",
          "assetId": "3xw4lj01b7Z",
          "checksum": "85e2b6d352e3c485acbed8129a3c8e90"
        },
        {
          "type": "icon",
          "assetId": "1XK1Ra5H2jO",
          "checksum": "05a99585442e44f97c982abfbbefd46d"
        },
        {
          "type": "icon",
          "assetId": "u2lDFu0IXc1",
          "checksum": "ef1429b40a9c3e6f53feb4086df6c5a5"
        },
        {
          "type": "icon",
          "assetId": "YJcvEJyIahZ",
          "checksum": "808c4cf14ee518936713411e122a584e"
        },
        {
          "type": "icon",
          "assetId": "NyNMwtfEpAR",
          "checksum": "b75a465c1d1e6baea57512ff71c77dfa"
        },
        {
          "type": "icon",
          "assetId": "ABAlG59pXfn",
          "checksum": "6d06108f6caf9d6fbf5bfc590b4e97ce"
        },
        {
          "type": "image",
          "assetId": "GKOOjUjPY7",
          "checksum": "6f98ead5c3933bba36a3cb36cf83055f"
        },
        {
          "type": "image",
          "assetId": "mMSLRse2dT",
          "checksum": "2462d579ed40cc53a2517a8624e8592b"
        },
        {
          "type": "image",
          "assetId": "AQmMDjSpXp",
          "checksum": "41e7ef757ade1c6f6bad2145518005f1"
        },
        {
          "type": "image",
          "assetId": "wSrOPTyYqY",
          "checksum": "58050679867a53df45643b82dd0312ee"
        },
        {
          "type": "image",
          "assetId": "ROpq6ceCBt",
          "checksum": "eba4284838510b32b9399b79aa93efcb"
        },
        {
          "type": "image",
          "assetId": "hqWwR5BRTO",
          "checksum": "0bfb23088d6a37dc40ad775b965c561c"
        },
        {
          "type": "image",
          "assetId": "EEWB7qNhjB",
          "checksum": "628a8a51cec8117dc903a321aa21a913"
        },
        {
          "type": "image",
          "assetId": "rXLoejxBZ9",
          "checksum": "60d178f7ed8baf212c81a3c8405b7957"
        },
        {
          "type": "image",
          "assetId": "wfQOVTmTg0",
          "checksum": "353037cb10f14c2830d96c7496ae45a0"
        },
        {
          "type": "image",
          "assetId": "cKS21wNIurY",
          "checksum": "24f2b85048ece40a624b33005be56571"
        },
        {
          "type": "image",
          "assetId": "oYLiBZCcz7q",
          "checksum": "b111f3ff2d31ab740e85d45fa4e1c385"
        },
        {
          "type": "image",
          "assetId": "_0P3UWQmKmM",
          "checksum": "a78f242db5df54fc35f32dd493388ee9"
        },
        {
          "type": "image",
          "assetId": "WCKsn3gojTg",
          "checksum": "a4485cfd8ca9a79c92279d7b78fe2dec"
        },
        {
          "type": "image",
          "assetId": "Ix_KUp3aN9R",
          "checksum": "b9f9cd7acaedc17346a2aff98d48346e"
        },
        {
          "type": "image",
          "assetId": "IE2_e2sQ1SE",
          "checksum": "a4ed69e6ae98ed54c2ff4c89db3d0046"
        },
        {
          "type": "image",
          "assetId": "I-UbN0h1Dqv",
          "checksum": "c64bdc9ec13cda3c5c063d6680062752"
        },
        {
          "type": "image",
          "assetId": "GkWWVpL9RLl",
          "checksum": "07510f22487d2e986e33bc8901148e99"
        },
        {
          "type": "image",
          "assetId": "va_HjN1D8E",
          "checksum": "f42ede156b0e60f5f853ba50b786b6ed"
        },
        {
          "type": "image",
          "assetId": "D0dzG2lYNK",
          "checksum": "5003ce03b4c70e5578d9d944c859a99b"
        },
        {
          "type": "image",
          "assetId": "uXKOIotH9Q",
          "checksum": "1cdd1bfd48b88e8541bf35048dcb969c"
        },
        {
          "type": "image",
          "assetId": "9-159jFQsB",
          "checksum": "17b888ccdb11b342574941ddc97a97c1"
        },
        {
          "type": "image",
          "assetId": "31Ny-uqmHp",
          "checksum": "a479e8aa69b1a7d6a186dfdcb052cad2"
        },
        {
          "type": "image",
          "assetId": "oj-SCWjJMf",
          "checksum": "215b0cf0f20a1a92560a14bdfdbab1d5"
        },
        {
          "type": "image",
          "assetId": "O0dkzmXr6c",
          "checksum": "aac77db2204e00fc00ecd1b98b993d0d"
        },
        {
          "type": "image",
          "assetId": "EKKe0pAV4D",
          "checksum": "f60b4e2e95c124c7e4dd23d3f141894a"
        },
        {
          "type": "image",
          "assetId": "F8hg9fvMH3",
          "checksum": "e3c540b038e59a70fd425f3537071ad8"
        },
        {
          "type": "image",
          "assetId": "bV2Vsrbs1J",
          "checksum": "7ed9e93669566b50f6be9d73737e067a"
        },
        {
          "type": "image",
          "assetId": "dwZtWd77XY",
          "checksum": "9797247faa4409b19c15f419cd665a12"
        },
        {
          "type": "image",
          "assetId": "rA_yBsV8Ej",
          "checksum": "986a90353ccacb4df7f4fc33f7424c53"
        },
        {
          "type": "image",
          "assetId": "Cff56r5sLm",
          "checksum": "8dbf450baa3b28335b55d100aaf29f16"
        },
        {
          "type": "image",
          "assetId": "-qYVzlO82N",
          "checksum": "a73ab0bdc40ad7224104142e5832f55e"
        },
        {
          "type": "image",
          "assetId": "LmHUP7R1Z-",
          "checksum": "47e71438237f42dfc00a562485e8bbed"
        }
      ],
      "codegenVersion": "0.0.1"
    }
  ],
  "cliVersion": "0.1.178"
}
